
Microsoft Visual Studio Solution File, Format Version 12.00
# Visual Studio 15
VisualStudioVersion = 15.0.28307.572
MinimumVisualStudioVersion = 10.0.40219.1
Project("{FAE04EC0-301F-11D3-BF4B-00C04F79EFBC}") = "ClickyClickServer", "ClickyClickServer\ClickyClickServer.csproj", "{3C95B81A-9A17-46BE-9E44-E676215E02CF}"
EndProject
Project("{FAE04EC0-301F-11D3-BF4B-00C04F79EFBC}") = "ClickyClickClient", "ClickyClickClient\ClickyClickClient.csproj", "{18AF9297-F253-4188-9535-FFEB909D4048}"
EndProject
Global
	GlobalSection(SolutionConfigurationPlatforms) = preSolution
		Debug|Any CPU = Debug|Any CPU
		Release|Any CPU = Release|Any CPU
	EndGlobalSection
	GlobalSection(ProjectConfigurationPlatforms) = postSolution
		{3C95B81A-9A17-46BE-9E44-E676215E02CF}.Debug|Any CPU.ActiveCfg = Debug|Any CPU
		{3C95B81A-9A17-46BE-9E44-E676215E02CF}.Debug|Any CPU.Build.0 = Debug|Any CPU
		{3C95B81A-9A17-46BE-9E44-E676215E02CF}.Release|Any CPU.ActiveCfg = Release|Any CPU
		{3C95B81A-9A17-46BE-9E44-E676215E02CF}.Release|Any CPU.Build.0 = Release|Any CPU
		{18AF9297-F253-4188-9535-FFEB909D4048}.Debug|Any CPU.ActiveCfg = Debug|Any CPU
		{18AF9297-F253-4188-9535-FFEB909D4048}.Debug|Any CPU.Build.0 = Debug|Any CPU
		{18AF9297-F253-4188-9535-FFEB909D4048}.Release|Any CPU.ActiveCfg = Release|Any CPU
		{18AF9297-F253-4188-9535-FFEB909D4048}.Release|Any CPU.Build.0 = Release|Any CPU
	EndGlobalSection
	GlobalSection(SolutionProperties) = preSolution
		HideSolutionNode = FALSE
	EndGlobalSection
	GlobalSection(ExtensibilityGlobals) = postSolution
		SolutionGuid = {D235B525-DD71-4771-BCC5-F227D70D339C}
	EndGlobalSection
EndGlobal
